// !$*UTF8*$!
{
	archiveVersion = 1;
	classes = {
	};
	objectVersion = 48;
	objects = {

/* Begin PBXBuildFile section */
		F5127EF81FBF376800FA1843 /* TextInputView.swift in Sources */ = {isa = PBXBuildFile; fileRef = F5127EF71FBF376800FA1843 /* TextInputView.swift */; };
		F5710BFE1FB460E700430F44 /* AppDelegate.swift in Sources */ = {isa = PBXBuildFile; fileRef = F5710BFD1FB460E700430F44 /* AppDelegate.swift */; };
		F5710C001FB460E700430F44 /* ViewController.swift in Sources */ = {isa = PBXBuildFile; fileRef = F5710BFF1FB460E700430F44 /* ViewController.swift */; };
		F5710C031FB460E700430F44 /* Main.storyboard in Resources */ = {isa = PBXBuildFile; fileRef = F5710C011FB460E700430F44 /* Main.storyboard */; };
		F5710C051FB460E700430F44 /* Assets.xcassets in Resources */ = {isa = PBXBuildFile; fileRef = F5710C041FB460E700430F44 /* Assets.xcassets */; };
		F5710C081FB460E700430F44 /* LaunchScreen.storyboard in Resources */ = {isa = PBXBuildFile; fileRef = F5710C061FB460E700430F44 /* LaunchScreen.storyboard */; };
		F5710C121FB461A600430F44 /* Message.swift in Sources */ = {isa = PBXBuildFile; fileRef = F5710C101FB461A600430F44 /* Message.swift */; };
		F5710C1D1FB4620000430F44 /* ChatMessageCell.swift in Sources */ = {isa = PBXBuildFile; fileRef = F5710C161FB4620000430F44 /* ChatMessageCell.swift */; };
		F5710C1E1FB4620000430F44 /* ChatMessageCell.xib in Resources */ = {isa = PBXBuildFile; fileRef = F5710C171FB4620000430F44 /* ChatMessageCell.xib */; };
		F5710C1F1FB4620000430F44 /* ChatCollectionView.swift in Sources */ = {isa = PBXBuildFile; fileRef = F5710C181FB4620000430F44 /* ChatCollectionView.swift */; };
		F5710C211FB4620000430F44 /* TextInputView.xib in Resources */ = {isa = PBXBuildFile; fileRef = F5710C1B1FB4620000430F44 /* TextInputView.xib */; };
		F5710C241FB4623100430F44 /* ChatMessageDataSource.swift in Sources */ = {isa = PBXBuildFile; fileRef = F5710C231FB4623100430F44 /* ChatMessageDataSource.swift */; };
		F5710C281FB4645B00430F44 /* Utils.swift in Sources */ = {isa = PBXBuildFile; fileRef = F5710C271FB4645B00430F44 /* Utils.swift */; };
		F5710C311FB4925B00430F44 /* README.md in Resources */ = {isa = PBXBuildFile; fileRef = F5710C2F1FB4925B00430F44 /* README.md */; };
		F5E9712E1FB9F159006125F3 /* FloatingInputView.swift in Sources */ = {isa = PBXBuildFile; fileRef = F5E9712D1FB9F159006125F3 /* FloatingInputView.swift */; };
/* End PBXBuildFile section */

/* Begin PBXFileReference section */
		F5127EF71FBF376800FA1843 /* TextInputView.swift */ = {isa = PBXFileReference; fileEncoding = 4; lastKnownFileType = sourcecode.swift; path = TextInputView.swift; sourceTree = "<group>"; };
		F5710BFA1FB460E700430F44 /* ChatCollectionView.app */ = {isa = PBXFileReference; explicitFileType = wrapper.application; includeInIndex = 0; path = ChatCollectionView.app; sourceTree = BUILT_PRODUCTS_DIR; };
		F5710BFD1FB460E700430F44 /* AppDelegate.swift */ = {isa = PBXFileReference; lastKnownFileType = sourcecode.swift; path = AppDelegate.swift; sourceTree = "<group>"; };
		F5710BFF1FB460E700430F44 /* ViewController.swift */ = {isa = PBXFileReference; lastKnownFileType = sourcecode.swift; path = ViewController.swift; sourceTree = "<group>"; };
		F5710C021FB460E700430F44 /* Base */ = {isa = PBXFileReference; lastKnownFileType = file.storyboard; name = Base; path = Base.lproj/Main.storyboard; sourceTree = "<group>"; };
		F5710C041FB460E700430F44 /* Assets.xcassets */ = {isa = PBXFileReference; lastKnownFileType = folder.assetcatalog; path = Assets.xcassets; sourceTree = "<group>"; };
		F5710C071FB460E700430F44 /* Base */ = {isa = PBXFileReference; lastKnownFileType = file.storyboard; name = Base; path = Base.lproj/LaunchScreen.storyboard; sourceTree = "<group>"; };
		F5710C091FB460E700430F44 /* Info.plist */ = {isa = PBXFileReference; lastKnownFileType = text.plist.xml; path = Info.plist; sourceTree = "<group>"; };
		F5710C101FB461A600430F44 /* Message.swift */ = {isa = PBXFileReference; fileEncoding = 4; lastKnownFileType = sourcecode.swift; path = Message.swift; sourceTree = "<group>"; };
		F5710C161FB4620000430F44 /* ChatMessageCell.swift */ = {isa = PBXFileReference; fileEncoding = 4; lastKnownFileType = sourcecode.swift; path = ChatMessageCell.swift; sourceTree = "<group>"; };
		F5710C171FB4620000430F44 /* ChatMessageCell.xib */ = {isa = PBXFileReference; fileEncoding = 4; lastKnownFileType = file.xib; path = ChatMessageCell.xib; sourceTree = "<group>"; };
		F5710C181FB4620000430F44 /* ChatCollectionView.swift */ = {isa = PBXFileReference; fileEncoding = 4; lastKnownFileType = sourcecode.swift; path = ChatCollectionView.swift; sourceTree = "<group>"; };
		F5710C1B1FB4620000430F44 /* TextInputView.xib */ = {isa = PBXFileReference; fileEncoding = 4; lastKnownFileType = file.xib; path = TextInputView.xib; sourceTree = "<group>"; };
		F5710C231FB4623100430F44 /* ChatMessageDataSource.swift */ = {isa = PBXFileReference; lastKnownFileType = sourcecode.swift; path = ChatMessageDataSource.swift; sourceTree = "<group>"; };
		F5710C271FB4645B00430F44 /* Utils.swift */ = {isa = PBXFileReference; lastKnownFileType = sourcecode.swift; path = Utils.swift; sourceTree = "<group>"; };
		F5710C2F1FB4925B00430F44 /* README.md */ = {isa = PBXFileReference; fileEncoding = 4; lastKnownFileType = net.daringfireball.markdown; path = README.md; sourceTree = "<group>"; };
		F5E9712D1FB9F159006125F3 /* FloatingInputView.swift */ = {isa = PBXFileReference; fileEncoding = 4; lastKnownFileType = sourcecode.swift; path = FloatingInputView.swift; sourceTree = "<group>"; };
/* End PBXFileReference section */

/* Begin PBXFrameworksBuildPhase section */
		F5710BF71FB460E700430F44 /* Frameworks */ = {
			isa = PBXFrameworksBuildPhase;
			buildActionMask = 2147483647;
			files = (
			);
			runOnlyForDeploymentPostprocessing = 0;
		};
/* End PBXFrameworksBuildPhase section */

/* Begin PBXGroup section */
		F5127EF61FBF2D5C00FA1843 /* Input */ = {
			isa = PBXGroup;
			children = (
				F5E9712D1FB9F159006125F3 /* FloatingInputView.swift */,
				F5710C191FB4620000430F44 /* TextView */,
			);
			path = Input;
			sourceTree = "<group>";
		};
		F5710BF11FB460E700430F44 = {
			isa = PBXGroup;
			children = (
				F5710C2F1FB4925B00430F44 /* README.md */,
				F5710BFC1FB460E700430F44 /* ChatCollectionView */,
				F5710BFB1FB460E700430F44 /* Products */,
			);
			sourceTree = "<group>";
		};
		F5710BFB1FB460E700430F44 /* Products */ = {
			isa = PBXGroup;
			children = (
				F5710BFA1FB460E700430F44 /* ChatCollectionView.app */,
			);
			name = Products;
			sourceTree = "<group>";
		};
		F5710BFC1FB460E700430F44 /* ChatCollectionView */ = {
			isa = PBXGroup;
			children = (
				F5127EF61FBF2D5C00FA1843 /* Input */,
				F5710C141FB4620000430F44 /* Chat */,
				F5710C101FB461A600430F44 /* Message.swift */,
				F5710BFD1FB460E700430F44 /* AppDelegate.swift */,
				F5710BFF1FB460E700430F44 /* ViewController.swift */,
				F5710C271FB4645B00430F44 /* Utils.swift */,
				F5710C011FB460E700430F44 /* Main.storyboard */,
				F5710C041FB460E700430F44 /* Assets.xcassets */,
				F5710C061FB460E700430F44 /* LaunchScreen.storyboard */,
				F5710C091FB460E700430F44 /* Info.plist */,
			);
			path = ChatCollectionView;
			sourceTree = "<group>";
		};
		F5710C141FB4620000430F44 /* Chat */ = {
			isa = PBXGroup;
			children = (
				F5710C151FB4620000430F44 /* Chat Message Cell */,
				F5710C181FB4620000430F44 /* ChatCollectionView.swift */,
				F5710C231FB4623100430F44 /* ChatMessageDataSource.swift */,
			);
			path = Chat;
			sourceTree = "<group>";
		};
		F5710C151FB4620000430F44 /* Chat Message Cell */ = {
			isa = PBXGroup;
			children = (
				F5710C161FB4620000430F44 /* ChatMessageCell.swift */,
				F5710C171FB4620000430F44 /* ChatMessageCell.xib */,
			);
			path = "Chat Message Cell";
			sourceTree = "<group>";
		};
		F5710C191FB4620000430F44 /* TextView */ = {
			isa = PBXGroup;
			children = (
				F5127EF71FBF376800FA1843 /* TextInputView.swift */,
				F5710C1B1FB4620000430F44 /* TextInputView.xib */,
			);
			path = TextView;
			sourceTree = "<group>";
		};
/* End PBXGroup section */

/* Begin PBXNativeTarget section */
		F5710BF91FB460E700430F44 /* ChatCollectionView */ = {
			isa = PBXNativeTarget;
			buildConfigurationList = F5710C0C1FB460E700430F44 /* Build configuration list for PBXNativeTarget "ChatCollectionView" */;
			buildPhases = (
				F5710BF61FB460E700430F44 /* Sources */,
				F5710BF71FB460E700430F44 /* Frameworks */,
				F5710BF81FB460E700430F44 /* Resources */,
			);
			buildRules = (
			);
			dependencies = (
			);
			name = ChatCollectionView;
			productName = ChatCollectionView;
			productReference = F5710BFA1FB460E700430F44 /* ChatCollectionView.app */;
			productType = "com.apple.product-type.application";
		};
/* End PBXNativeTarget section */

/* Begin PBXProject section */
		F5710BF21FB460E700430F44 /* Project object */ = {
			isa = PBXProject;
			attributes = {
				LastSwiftUpdateCheck = 0900;
				LastUpgradeCheck = 0900;
				ORGANIZATIONNAME = "Cocorico Studio";
				TargetAttributes = {
					F5710BF91FB460E700430F44 = {
						CreatedOnToolsVersion = 9.0.1;
						ProvisioningStyle = Automatic;
					};
				};
			};
			buildConfigurationList = F5710BF51FB460E700430F44 /* Build configuration list for PBXProject "ChatCollectionView" */;
			compatibilityVersion = "Xcode 8.0";
			developmentRegion = en;
			hasScannedForEncodings = 0;
			knownRegions = (
				en,
				Base,
			);
			mainGroup = F5710BF11FB460E700430F44;
			productRefGroup = F5710BFB1FB460E700430F44 /* Products */;
			projectDirPath = "";
			projectRoot = "";
			targets = (
				F5710BF91FB460E700430F44 /* ChatCollectionView */,
			);
		};
/* End PBXProject section */

/* Begin PBXResourcesBuildPhase section */
		F5710BF81FB460E700430F44 /* Resources */ = {
			isa = PBXResourcesBuildPhase;
			buildActionMask = 2147483647;
			files = (
				F5710C311FB4925B00430F44 /* README.md in Resources */,
				F5710C211FB4620000430F44 /* TextInputView.xib in Resources */,
				F5710C081FB460E700430F44 /* LaunchScreen.storyboard in Resources */,
				F5710C051FB460E700430F44 /* Assets.xcassets in Resources */,
				F5710C1E1FB4620000430F44 /* ChatMessageCell.xib in Resources */,
				F5710C031FB460E700430F44 /* Main.storyboard in Resources */,
			);
			runOnlyForDeploymentPostprocessing = 0;
		};
/* End PBXResourcesBuildPhase section */

/* Begin PBXSourcesBuildPhase section */
		F5710BF61FB460E700430F44 /* Sources */ = {
			isa = PBXSourcesBuildPhase;
			buildActionMask = 2147483647;
			files = (
				F5127EF81FBF376800FA1843 /* TextInputView.swift in Sources */,
				F5710C121FB461A600430F44 /* Message.swift in Sources */,
				F5710C281FB4645B00430F44 /* Utils.swift in Sources */,
				F5710C001FB460E700430F44 /* ViewController.swift in Sources */,
				F5710C1F1FB4620000430F44 /* ChatCollectionView.swift in Sources */,
				F5710C1D1FB4620000430F44 /* ChatMessageCell.swift in Sources */,
				F5710C241FB4623100430F44 /* ChatMessageDataSource.swift in Sources */,
				F5710BFE1FB460E700430F44 /* AppDelegate.swift in Sources */,
				F5E9712E1FB9F159006125F3 /* FloatingInputView.swift in Sources */,
			);
			runOnlyForDeploymentPostprocessing = 0;
		};
/* End PBXSourcesBuildPhase section */

/* Begin PBXVariantGroup section */
		F5710C011FB460E700430F44 /* Main.storyboard */ = {
			isa = PBXVariantGroup;
			children = (
				F5710C021FB460E700430F44 /* Base */,
			);
			name = Main.storyboard;
			sourceTree = "<group>";
		};
		F5710C061FB460E700430F44 /* LaunchScreen.storyboard */ = {
			isa = PBXVariantGroup;
			children = (
				F5710C071FB460E700430F44 /* Base */,
			);
			name = LaunchScreen.storyboard;
			sourceTree = "<group>";
		};
/* End PBXVariantGroup section */

/* Begin XCBuildConfiguration section */
		F5710C0A1FB460E700430F44 /* Debug */ = {
			isa = XCBuildConfiguration;
			buildSettings = {
				ALWAYS_SEARCH_USER_PATHS = NO;
				CLANG_ANALYZER_NONNULL = YES;
				CLANG_ANALYZER_NUMBER_OBJECT_CONVERSION = YES_AGGRESSIVE;
				CLANG_CXX_LANGUAGE_STANDARD = "gnu++14";
				CLANG_CXX_LIBRARY = "libc++";
				CLANG_ENABLE_MODULES = YES;
				CLANG_ENABLE_OBJC_ARC = YES;
				CLANG_WARN_BLOCK_CAPTURE_AUTORELEASING = YES;
				CLANG_WARN_BOOL_CONVERSION = YES;
				CLANG_WARN_COMMA = YES;
				CLANG_WARN_CONSTANT_CONVERSION = YES;
				CLANG_WARN_DIRECT_OBJC_ISA_USAGE = YES_ERROR;
				CLANG_WARN_DOCUMENTATION_COMMENTS = YES;
				CLANG_WARN_EMPTY_BODY = YES;
				CLANG_WARN_ENUM_CONVERSION = YES;
				CLANG_WARN_INFINITE_RECURSION = YES;
				CLANG_WARN_INT_CONVERSION = YES;
				CLANG_WARN_NON_LITERAL_NULL_CONVERSION = YES;
				CLANG_WARN_OBJC_LITERAL_CONVERSION = YES;
				CLANG_WARN_OBJC_ROOT_CLASS = YES_ERROR;
				CLANG_WARN_RANGE_LOOP_ANALYSIS = YES;
				CLANG_WARN_STRICT_PROTOTYPES = YES;
				CLANG_WARN_SUSPICIOUS_MOVE = YES;
				CLANG_WARN_UNGUARDED_AVAILABILITY = YES_AGGRESSIVE;
				CLANG_WARN_UNREACHABLE_CODE = YES;
				CLANG_WARN__DUPLICATE_METHOD_MATCH = YES;
				CODE_SIGN_IDENTITY = "iPhone Developer";
				COPY_PHASE_STRIP = NO;
				DEBUG_INFORMATION_FORMAT = dwarf;
				ENABLE_STRICT_OBJC_MSGSEND = YES;
				ENABLE_TESTABILITY = YES;
				GCC_C_LANGUAGE_STANDARD = gnu11;
				GCC_DYNAMIC_NO_PIC = NO;
				GCC_NO_COMMON_BLOCKS = YES;
				GCC_OPTIMIZATION_LEVEL = 0;
				GCC_PREPROCESSOR_DEFINITIONS = (
					"DEBUG=1",
					"$(inherited)",
				);
				GCC_WARN_64_TO_32_BIT_CONVERSION = YES;
				GCC_WARN_ABOUT_RETURN_TYPE = YES_ERROR;
				GCC_WARN_UNDECLARED_SELECTOR = YES;
				GCC_WARN_UNINITIALIZED_AUTOS = YES_AGGRESSIVE;
				GCC_WARN_UNUSED_FUNCTION = YES;
				GCC_WARN_UNUSED_VARIABLE = YES;
				IPHONEOS_DEPLOYMENT_TARGET = 11.0;
				MTL_ENABLE_DEBUG_INFO = YES;
				ONLY_ACTIVE_ARCH = YES;
				SDKROOT = iphoneos;
				SWIFT_ACTIVE_COMPILATION_CONDITIONS = DEBUG;
				SWIFT_OPTIMIZATION_LEVEL = "-Onone";
			};
			name = Debug;
		};
		F5710C0B1FB460E700430F44 /* Release */ = {
			isa = XCBuildConfiguration;
			buildSettings = {
				ALWAYS_SEARCH_USER_PATHS = NO;
				CLANG_ANALYZER_NONNULL = YES;
				CLANG_ANALYZER_NUMBER_OBJECT_CONVERSION = YES_AGGRESSIVE;
				CLANG_CXX_LANGUAGE_STANDARD = "gnu++14";
				CLANG_CXX_LIBRARY = "libc++";
				CLANG_ENABLE_MODULES = YES;
				CLANG_ENABLE_OBJC_ARC = YES;
				CLANG_WARN_BLOCK_CAPTURE_AUTORELEASING = YES;
				CLANG_WARN_BOOL_CONVERSION = YES;
				CLANG_WARN_COMMA = YES;
				CLANG_WARN_CONSTANT_CONVERSION = YES;
				CLANG_WARN_DIRECT_OBJC_ISA_USAGE = YES_ERROR;
				CLANG_WARN_DOCUMENTATION_COMMENTS = YES;
				CLANG_WARN_EMPTY_BODY = YES;
				CLANG_WARN_ENUM_CONVERSION = YES;
				CLANG_WARN_INFINITE_RECURSION = YES;
				CLANG_WARN_INT_CONVERSION = YES;
				CLANG_WARN_NON_LITERAL_NULL_CONVERSION = YES;
				CLANG_WARN_OBJC_LITERAL_CONVERSION = YES;
				CLANG_WARN_OBJC_ROOT_CLASS = YES_ERROR;
				CLANG_WARN_RANGE_LOOP_ANALYSIS = YES;
				CLANG_WARN_STRICT_PROTOTYPES = YES;
				CLANG_WARN_SUSPICIOUS_MOVE = YES;
				CLANG_WARN_UNGUARDED_AVAILABILITY = YES_AGGRESSIVE;
				CLANG_WARN_UNREACHABLE_CODE = YES;
				CLANG_WARN__DUPLICATE_METHOD_MATCH = YES;
				CODE_SIGN_IDENTITY = "iPhone Developer";
				COPY_PHASE_STRIP = NO;
				DEBUG_INFORMATION_FORMAT = "dwarf-with-dsym";
				ENABLE_NS_ASSERTIONS = NO;
				ENABLE_STRICT_OBJC_MSGSEND = YES;
				GCC_C_LANGUAGE_STANDARD = gnu11;
				GCC_NO_COMMON_BLOCKS = YES;
				GCC_WARN_64_TO_32_BIT_CONVERSION = YES;
				GCC_WARN_ABOUT_RETURN_TYPE = YES_ERROR;
				GCC_WARN_UNDECLARED_SELECTOR = YES;
				GCC_WARN_UNINITIALIZED_AUTOS = YES_AGGRESSIVE;
				GCC_WARN_UNUSED_FUNCTION = YES;
				GCC_WARN_UNUSED_VARIABLE = YES;
				IPHONEOS_DEPLOYMENT_TARGET = 11.0;
				MTL_ENABLE_DEBUG_INFO = NO;
				SDKROOT = iphoneos;
				SWIFT_OPTIMIZATION_LEVEL = "-Owholemodule";
				VALIDATE_PRODUCT = YES;
			};
			name = Release;
		};
		F5710C0D1FB460E700430F44 /* Debug */ = {
			isa = XCBuildConfiguration;
			buildSettings = {
				ASSETCATALOG_COMPILER_APPICON_NAME = AppIcon;
				CODE_SIGN_STYLE = Automatic;
				DEVELOPMENT_TEAM = AW8HXS3KFS;
				INFOPLIST_FILE = ChatCollectionView/Info.plist;
				LD_RUNPATH_SEARCH_PATHS = "$(inherited) @executable_path/Frameworks";
				PRODUCT_BUNDLE_IDENTIFIER = com.cocoricostudio.ChatCollectionView;
				PRODUCT_NAME = "$(TARGET_NAME)";
				SWIFT_VERSION = 4.0;
				TARGETED_DEVICE_FAMILY = "1,2";
			};
			name = Debug;
		};
		F5710C0E1FB460E700430F44 /* Release */ = {
			isa = XCBuildConfiguration;
			buildSettings = {
				ASSETCATALOG_COMPILER_APPICON_NAME = AppIcon;
				CODE_SIGN_STYLE = Automatic;
				DEVELOPMENT_TEAM = AW8HXS3KFS;
				INFOPLIST_FILE = ChatCollectionView/Info.plist;
				LD_RUNPATH_SEARCH_PATHS = "$(inherited) @executable_path/Frameworks";
				PRODUCT_BUNDLE_IDENTIFIER = com.cocoricostudio.ChatCollectionView;
				PRODUCT_NAME = "$(TARGET_NAME)";
				SWIFT_VERSION = 4.0;
				TARGETED_DEVICE_FAMILY = "1,2";
			};
			name = Release;
		};
/* End XCBuildConfiguration section */

/* Begin XCConfigurationList section */
		F5710BF51FB460E700430F44 /* Build configuration list for PBXProject "ChatCollectionView" */ = {
			isa = XCConfigurationList;
			buildConfigurations = (
				F5710C0A1FB460E700430F44 /* Debug */,
				F5710C0B1FB460E700430F44 /* Release */,
			);
			defaultConfigurationIsVisible = 0;
			defaultConfigurationName = Release;
		};
		F5710C0C1FB460E700430F44 /* Build configuration list for PBXNativeTarget "ChatCollectionView" */ = {
			isa = XCConfigurationList;
			buildConfigurations = (
				F5710C0D1FB460E700430F44 /* Debug */,
				F5710C0E1FB460E700430F44 /* Release */,
			);
			defaultConfigurationIsVisible = 0;
			defaultConfigurationName = Release;
		};
/* End XCConfigurationList section */
	};
	rootObject = F5710BF21FB460E700430F44 /* Project object */;
}
